
Microsoft Visual Studio Solution File, Format Version 12.00
# Visual Studio Version 17
VisualStudioVersion = 17.4.33403.182
MinimumVisualStudioVersion = 10.0.40219.1
Project("{FAE04EC0-301F-11D3-BF4B-00C04F79EFBC}") = "Additional_Features", "Additional_Features\Additional_Features.csproj", "{BFDC2721-6544-4A63-A1E2-F9E3C03DAA23}"
EndProject
Global
	GlobalSection(SolutionConfigurationPlatforms) = preSolution
		Debug|Any CPU = Debug|Any CPU
		Release|Any CPU = Release|Any CPU
	EndGlobalSection
	GlobalSection(ProjectConfigurationPlatforms) = postSolution
		{BFDC2721-6544-4A63-A1E2-F9E3C03DAA23}.Debug|Any CPU.ActiveCfg = Debug|Any CPU
		{BFDC2721-6544-4A63-A1E2-F9E3C03DAA23}.Debug|Any CPU.Build.0 = Debug|Any CPU
		{BFDC2721-6544-4A63-A1E2-F9E3C03DAA23}.Release|Any CPU.ActiveCfg = Release|Any CPU
		{BFDC2721-6544-4A63-A1E2-F9E3C03DAA23}.Release|Any CPU.Build.0 = Release|Any CPU
	EndGlobalSection
	GlobalSection(SolutionProperties) = preSolution
		HideSolutionNode = FALSE
	EndGlobalSection
	GlobalSection(ExtensibilityGlobals) = postSolution
		SolutionGuid = {D0CD3411-51D4-4088-85E7-B1B6D9530FD8}
	EndGlobalSection
EndGlobal
